// !$*UTF8*$!
{
	archiveVersion = 1;
	classes = {
	};
	objectVersion = 46;
	objects = {

/* Begin PBXBuildFile section */
		1F3D197A1C62DE7B002C5FE0 /* AppDelegate.swift in Sources */ = {isa = PBXBuildFile; fileRef = 1F3D19791C62DE7B002C5FE0 /* AppDelegate.swift */; };
		1F3D197C1C62DE7B002C5FE0 /* ViewController.swift in Sources */ = {isa = PBXBuildFile; fileRef = 1F3D197B1C62DE7B002C5FE0 /* ViewController.swift */; };
		1F3D197F1C62DE7B002C5FE0 /* Main.storyboard in Resources */ = {isa = PBXBuildFile; fileRef = 1F3D197D1C62DE7B002C5FE0 /* Main.storyboard */; };
		1F3D19811C62DE7B002C5FE0 /* Assets.xcassets in Resources */ = {isa = PBXBuildFile; fileRef = 1F3D19801C62DE7B002C5FE0 /* Assets.xcassets */; };
		1F3D19841C62DE7B002C5FE0 /* LaunchScreen.storyboard in Resources */ = {isa = PBXBuildFile; fileRef = 1F3D19821C62DE7B002C5FE0 /* LaunchScreen.storyboard */; };
		1F3D198C1C62DE8A002C5FE0 /* TableViewController.swift in Sources */ = {isa = PBXBuildFile; fileRef = 1F3D198B1C62DE8A002C5FE0 /* TableViewController.swift */; };
		1F3D198E1C62DEF4002C5FE0 /* Person.swift in Sources */ = {isa = PBXBuildFile; fileRef = 1F3D198D1C62DEF4002C5FE0 /* Person.swift */; };
/* End PBXBuildFile section */

/* Begin PBXFileReference section */
		1F3D19761C62DE7B002C5FE0 /* MyTableView.app */ = {isa = PBXFileReference; explicitFileType = wrapper.application; includeInIndex = 0; path = MyTableView.app; sourceTree = BUILT_PRODUCTS_DIR; };
		1F3D19791C62DE7B002C5FE0 /* AppDelegate.swift */ = {isa = PBXFileReference; lastKnownFileType = sourcecode.swift; path = AppDelegate.swift; sourceTree = "<group>"; };
		1F3D197B1C62DE7B002C5FE0 /* ViewController.swift */ = {isa = PBXFileReference; lastKnownFileType = sourcecode.swift; path = ViewController.swift; sourceTree = "<group>"; };
		1F3D197E1C62DE7B002C5FE0 /* Base */ = {isa = PBXFileReference; lastKnownFileType = file.storyboard; name = Base; path = Base.lproj/Main.storyboard; sourceTree = "<group>"; };
		1F3D19801C62DE7B002C5FE0 /* Assets.xcassets */ = {isa = PBXFileReference; lastKnownFileType = folder.assetcatalog; path = Assets.xcassets; sourceTree = "<group>"; };
		1F3D19831C62DE7B002C5FE0 /* Base */ = {isa = PBXFileReference; lastKnownFileType = file.storyboard; name = Base; path = Base.lproj/LaunchScreen.storyboard; sourceTree = "<group>"; };
		1F3D19851C62DE7B002C5FE0 /* Info.plist */ = {isa = PBXFileReference; lastKnownFileType = text.plist.xml; path = Info.plist; sourceTree = "<group>"; };
		1F3D198B1C62DE8A002C5FE0 /* TableViewController.swift */ = {isa = PBXFileReference; fileEncoding = 4; lastKnownFileType = sourcecode.swift; path = TableViewController.swift; sourceTree = "<group>"; };
		1F3D198D1C62DEF4002C5FE0 /* Person.swift */ = {isa = PBXFileReference; fileEncoding = 4; lastKnownFileType = sourcecode.swift; path = Person.swift; sourceTree = "<group>"; };
/* End PBXFileReference section */

/* Begin PBXFrameworksBuildPhase section */
		1F3D19731C62DE7B002C5FE0 /* Frameworks */ = {
			isa = PBXFrameworksBuildPhase;
			buildActionMask = 2147483647;
			files = (
			);
			runOnlyForDeploymentPostprocessing = 0;
		};
/* End PBXFrameworksBuildPhase section */

/* Begin PBXGroup section */
		1F3D196D1C62DE7B002C5FE0 = {
			isa = PBXGroup;
			children = (
				1F3D19781C62DE7B002C5FE0 /* MyTableView */,
				1F3D19771C62DE7B002C5FE0 /* Products */,
			);
			sourceTree = "<group>";
		};
		1F3D19771C62DE7B002C5FE0 /* Products */ = {
			isa = PBXGroup;
			children = (
				1F3D19761C62DE7B002C5FE0 /* MyTableView.app */,
			);
			name = Products;
			sourceTree = "<group>";
		};
		1F3D19781C62DE7B002C5FE0 /* MyTableView */ = {
			isa = PBXGroup;
			children = (
				1F3D19791C62DE7B002C5FE0 /* AppDelegate.swift */,
				1F3D197B1C62DE7B002C5FE0 /* ViewController.swift */,
				1F3D198B1C62DE8A002C5FE0 /* TableViewController.swift */,
				1F3D197D1C62DE7B002C5FE0 /* Main.storyboard */,
				1F3D19801C62DE7B002C5FE0 /* Assets.xcassets */,
				1F3D19821C62DE7B002C5FE0 /* LaunchScreen.storyboard */,
				1F3D19851C62DE7B002C5FE0 /* Info.plist */,
				1F3D198D1C62DEF4002C5FE0 /* Person.swift */,
			);
			path = MyTableView;
			sourceTree = "<group>";
		};
/* End PBXGroup section */

/* Begin PBXNativeTarget section */
		1F3D19751C62DE7B002C5FE0 /* MyTableView */ = {
			isa = PBXNativeTarget;
			buildConfigurationList = 1F3D19881C62DE7B002C5FE0 /* Build configuration list for PBXNativeTarget "MyTableView" */;
			buildPhases = (
				1F3D19721C62DE7B002C5FE0 /* Sources */,
				1F3D19731C62DE7B002C5FE0 /* Frameworks */,
				1F3D19741C62DE7B002C5FE0 /* Resources */,
			);
			buildRules = (
			);
			dependencies = (
			);
			name = MyTableView;
			productName = MyTableView;
			productReference = 1F3D19761C62DE7B002C5FE0 /* MyTableView.app */;
			productType = "com.apple.product-type.application";
		};
/* End PBXNativeTarget section */

/* Begin PBXProject section */
		1F3D196E1C62DE7B002C5FE0 /* Project object */ = {
			isa = PBXProject;
			attributes = {
				LastSwiftUpdateCheck = 0720;
				LastUpgradeCheck = 0720;
				ORGANIZATIONNAME = "Vinh Nguyen";
				TargetAttributes = {
					1F3D19751C62DE7B002C5FE0 = {
						CreatedOnToolsVersion = 7.2.1;
					};
				};
			};
			buildConfigurationList = 1F3D19711C62DE7B002C5FE0 /* Build configuration list for PBXProject "MyTableView" */;
			compatibilityVersion = "Xcode 3.2";
			developmentRegion = English;
			hasScannedForEncodings = 0;
			knownRegions = (
				en,
				Base,
			);
			mainGroup = 1F3D196D1C62DE7B002C5FE0;
			productRefGroup = 1F3D19771C62DE7B002C5FE0 /* Products */;
			projectDirPath = "";
			projectRoot = "";
			targets = (
				1F3D19751C62DE7B002C5FE0 /* MyTableView */,
			);
		};
/* End PBXProject section */

/* Begin PBXResourcesBuildPhase section */
		1F3D19741C62DE7B002C5FE0 /* Resources */ = {
			isa = PBXResourcesBuildPhase;
			buildActionMask = 2147483647;
			files = (
				1F3D19841C62DE7B002C5FE0 /* LaunchScreen.storyboard in Resources */,
				1F3D19811C62DE7B002C5FE0 /* Assets.xcassets in Resources */,
				1F3D197F1C62DE7B002C5FE0 /* Main.storyboard in Resources */,
			);
			runOnlyForDeploymentPostprocessing = 0;
		};
/* End PBXResourcesBuildPhase section */

/* Begin PBXSourcesBuildPhase section */
		1F3D19721C62DE7B002C5FE0 /* Sources */ = {
			isa = PBXSourcesBuildPhase;
			buildActionMask = 2147483647;
			files = (
				1F3D197C1C62DE7B002C5FE0 /* ViewController.swift in Sources */,
				1F3D198C1C62DE8A002C5FE0 /* TableViewController.swift in Sources */,
				1F3D198E1C62DEF4002C5FE0 /* Person.swift in Sources */,
				1F3D197A1C62DE7B002C5FE0 /* AppDelegate.swift in Sources */,
			);
			runOnlyForDeploymentPostprocessing = 0;
		};
/* End PBXSourcesBuildPhase section */

/* Begin PBXVariantGroup section */
		1F3D197D1C62DE7B002C5FE0 /* Main.storyboard */ = {
			isa = PBXVariantGroup;
			children = (
				1F3D197E1C62DE7B002C5FE0 /* Base */,
			);
			name = Main.storyboard;
			sourceTree = "<group>";
		};
		1F3D19821C62DE7B002C5FE0 /* LaunchScreen.storyboard */ = {
			isa = PBXVariantGroup;
			children = (
				1F3D19831C62DE7B002C5FE0 /* Base */,
			);
			name = LaunchScreen.storyboard;
			sourceTree = "<group>";
		};
/* End PBXVariantGroup section */

/* Begin XCBuildConfiguration section */
		1F3D19861C62DE7B002C5FE0 /* Debug */ = {
			isa = XCBuildConfiguration;
			buildSettings = {
				ALWAYS_SEARCH_USER_PATHS = NO;
				CLANG_CXX_LANGUAGE_STANDARD = "gnu++0x";
				CLANG_CXX_LIBRARY = "libc++";
				CLANG_ENABLE_MODULES = YES;
				CLANG_ENABLE_OBJC_ARC = YES;
				CLANG_WARN_BOOL_CONVERSION = YES;
				CLANG_WARN_CONSTANT_CONVERSION = YES;
				CLANG_WARN_DIRECT_OBJC_ISA_USAGE = YES_ERROR;
				CLANG_WARN_EMPTY_BODY = YES;
				CLANG_WARN_ENUM_CONVERSION = YES;
				CLANG_WARN_INT_CONVERSION = YES;
				CLANG_WARN_OBJC_ROOT_CLASS = YES_ERROR;
				CLANG_WARN_UNREACHABLE_CODE = YES;
				CLANG_WARN__DUPLICATE_METHOD_MATCH = YES;
				"CODE_SIGN_IDENTITY[sdk=iphoneos*]" = "iPhone Developer";
				COPY_PHASE_STRIP = NO;
				DEBUG_INFORMATION_FORMAT = dwarf;
				ENABLE_STRICT_OBJC_MSGSEND = YES;
				ENABLE_TESTABILITY = YES;
				GCC_C_LANGUAGE_STANDARD = gnu99;
				GCC_DYNAMIC_NO_PIC = NO;
				GCC_NO_COMMON_BLOCKS = YES;
				GCC_OPTIMIZATION_LEVEL = 0;
				GCC_PREPROCESSOR_DEFINITIONS = (
					"DEBUG=1",
					"$(inherited)",
				);
				GCC_WARN_64_TO_32_BIT_CONVERSION = YES;
				GCC_WARN_ABOUT_RETURN_TYPE = YES_ERROR;
				GCC_WARN_UNDECLARED_SELECTOR = YES;
				GCC_WARN_UNINITIALIZED_AUTOS = YES_AGGRESSIVE;
				GCC_WARN_UNUSED_FUNCTION = YES;
				GCC_WARN_UNUSED_VARIABLE = YES;
				IPHONEOS_DEPLOYMENT_TARGET = 9.2;
				MTL_ENABLE_DEBUG_INFO = YES;
				ONLY_ACTIVE_ARCH = YES;
				SDKROOT = iphoneos;
				SWIFT_OPTIMIZATION_LEVEL = "-Onone";
				TARGETED_DEVICE_FAMILY = "1,2";
			};
			name = Debug;
		};
		1F3D19871C62DE7B002C5FE0 /* Release */ = {
			isa = XCBuildConfiguration;
			buildSettings = {
				ALWAYS_SEARCH_USER_PATHS = NO;
				CLANG_CXX_LANGUAGE_STANDARD = "gnu++0x";
				CLANG_CXX_LIBRARY = "libc++";
				CLANG_ENABLE_MODULES = YES;
				CLANG_ENABLE_OBJC_ARC = YES;
				CLANG_WARN_BOOL_CONVERSION = YES;
				CLANG_WARN_CONSTANT_CONVERSION = YES;
				CLANG_WARN_DIRECT_OBJC_ISA_USAGE = YES_ERROR;
				CLANG_WARN_EMPTY_BODY = YES;
				CLANG_WARN_ENUM_CONVERSION = YES;
				CLANG_WARN_INT_CONVERSION = YES;
				CLANG_WARN_OBJC_ROOT_CLASS = YES_ERROR;
				CLANG_WARN_UNREACHABLE_CODE = YES;
				CLANG_WARN__DUPLICATE_METHOD_MATCH = YES;
				"CODE_SIGN_IDENTITY[sdk=iphoneos*]" = "iPhone Developer";
				COPY_PHASE_STRIP = NO;
				DEBUG_INFORMATION_FORMAT = "dwarf-with-dsym";
				ENABLE_NS_ASSERTIONS = NO;
				ENABLE_STRICT_OBJC_MSGSEND = YES;
				GCC_C_LANGUAGE_STANDARD = gnu99;
				GCC_NO_COMMON_BLOCKS = YES;
				GCC_WARN_64_TO_32_BIT_CONVERSION = YES;
				GCC_WARN_ABOUT_RETURN_TYPE = YES_ERROR;
				GCC_WARN_UNDECLARED_SELECTOR = YES;
				GCC_WARN_UNINITIALIZED_AUTOS = YES_AGGRESSIVE;
				GCC_WARN_UNUSED_FUNCTION = YES;
				GCC_WARN_UNUSED_VARIABLE = YES;
				IPHONEOS_DEPLOYMENT_TARGET = 9.2;
				MTL_ENABLE_DEBUG_INFO = NO;
				SDKROOT = iphoneos;
				TARGETED_DEVICE_FAMILY = "1,2";
				VALIDATE_PRODUCT = YES;
			};
			name = Release;
		};
		1F3D19891C62DE7B002C5FE0 /* Debug */ = {
			isa = XCBuildConfiguration;
			buildSettings = {
				ASSETCATALOG_COMPILER_APPICON_NAME = AppIcon;
				INFOPLIST_FILE = MyTableView/Info.plist;
				LD_RUNPATH_SEARCH_PATHS = "$(inherited) @executable_path/Frameworks";
				PRODUCT_BUNDLE_IDENTIFIER = com.cs378.MyTableView;
				PRODUCT_NAME = "$(TARGET_NAME)";
			};
			name = Debug;
		};
		1F3D198A1C62DE7B002C5FE0 /* Release */ = {
			isa = XCBuildConfiguration;
			buildSettings = {
				ASSETCATALOG_COMPILER_APPICON_NAME = AppIcon;
				INFOPLIST_FILE = MyTableView/Info.plist;
				LD_RUNPATH_SEARCH_PATHS = "$(inherited) @executable_path/Frameworks";
				PRODUCT_BUNDLE_IDENTIFIER = com.cs378.MyTableView;
				PRODUCT_NAME = "$(TARGET_NAME)";
			};
			name = Release;
		};
/* End XCBuildConfiguration section */

/* Begin XCConfigurationList section */
		1F3D19711C62DE7B002C5FE0 /* Build configuration list for PBXProject "MyTableView" */ = {
			isa = XCConfigurationList;
			buildConfigurations = (
				1F3D19861C62DE7B002C5FE0 /* Debug */,
				1F3D19871C62DE7B002C5FE0 /* Release */,
			);
			defaultConfigurationIsVisible = 0;
			defaultConfigurationName = Release;
		};
		1F3D19881C62DE7B002C5FE0 /* Build configuration list for PBXNativeTarget "MyTableView" */ = {
			isa = XCConfigurationList;
			buildConfigurations = (
				1F3D19891C62DE7B002C5FE0 /* Debug */,
				1F3D198A1C62DE7B002C5FE0 /* Release */,
			);
			defaultConfigurationIsVisible = 0;
		};
/* End XCConfigurationList section */
	};
	rootObject = 1F3D196E1C62DE7B002C5FE0 /* Project object */;
}
