// !$*UTF8*$!
{
	archiveVersion = 1;
	classes = {
	};
	objectVersion = 46;
	objects = {

/* Begin PBXBuildFile section */
		1F81A2F41C5AB26A00CDF547 /* main.swift in Sources */ = {isa = PBXBuildFile; fileRef = 1F81A2F31C5AB26A00CDF547 /* main.swift */; };
		1F81A2FB1C5AB2BB00CDF547 /* Automobile.swift in Sources */ = {isa = PBXBuildFile; fileRef = 1F81A2FA1C5AB2BB00CDF547 /* Automobile.swift */; };
/* End PBXBuildFile section */

/* Begin PBXCopyFilesBuildPhase section */
		1F81A2EE1C5AB26A00CDF547 /* CopyFiles */ = {
			isa = PBXCopyFilesBuildPhase;
			buildActionMask = 2147483647;
			dstPath = /usr/share/man/man1/;
			dstSubfolderSpec = 0;
			files = (
			);
			runOnlyForDeploymentPostprocessing = 1;
		};
/* End PBXCopyFilesBuildPhase section */

/* Begin PBXFileReference section */
		1F81A2F01C5AB26A00CDF547 /* NguyenVinh-hw1 */ = {isa = PBXFileReference; explicitFileType = "compiled.mach-o.executable"; includeInIndex = 0; path = "NguyenVinh-hw1"; sourceTree = BUILT_PRODUCTS_DIR; };
		1F81A2F31C5AB26A00CDF547 /* main.swift */ = {isa = PBXFileReference; lastKnownFileType = sourcecode.swift; path = main.swift; sourceTree = "<group>"; };
		1F81A2FA1C5AB2BB00CDF547 /* Automobile.swift */ = {isa = PBXFileReference; fileEncoding = 4; lastKnownFileType = sourcecode.swift; path = Automobile.swift; sourceTree = "<group>"; };
/* End PBXFileReference section */

/* Begin PBXFrameworksBuildPhase section */
		1F81A2ED1C5AB26A00CDF547 /* Frameworks */ = {
			isa = PBXFrameworksBuildPhase;
			buildActionMask = 2147483647;
			files = (
			);
			runOnlyForDeploymentPostprocessing = 0;
		};
/* End PBXFrameworksBuildPhase section */

/* Begin PBXGroup section */
		1F81A2E71C5AB26A00CDF547 = {
			isa = PBXGroup;
			children = (
				1F81A2F21C5AB26A00CDF547 /* NguyenVinh-hw1 */,
				1F81A2F11C5AB26A00CDF547 /* Products */,
			);
			sourceTree = "<group>";
		};
		1F81A2F11C5AB26A00CDF547 /* Products */ = {
			isa = PBXGroup;
			children = (
				1F81A2F01C5AB26A00CDF547 /* NguyenVinh-hw1 */,
			);
			name = Products;
			sourceTree = "<group>";
		};
		1F81A2F21C5AB26A00CDF547 /* NguyenVinh-hw1 */ = {
			isa = PBXGroup;
			children = (
				1F81A2F31C5AB26A00CDF547 /* main.swift */,
				1F81A2FA1C5AB2BB00CDF547 /* Automobile.swift */,
			);
			path = "NguyenVinh-hw1";
			sourceTree = "<group>";
		};
/* End PBXGroup section */

/* Begin PBXNativeTarget section */
		1F81A2EF1C5AB26A00CDF547 /* NguyenVinh-hw1 */ = {
			isa = PBXNativeTarget;
			buildConfigurationList = 1F81A2F71C5AB26A00CDF547 /* Build configuration list for PBXNativeTarget "NguyenVinh-hw1" */;
			buildPhases = (
				1F81A2EC1C5AB26A00CDF547 /* Sources */,
				1F81A2ED1C5AB26A00CDF547 /* Frameworks */,
				1F81A2EE1C5AB26A00CDF547 /* CopyFiles */,
			);
			buildRules = (
			);
			dependencies = (
			);
			name = "NguyenVinh-hw1";
			productName = "NguyenVinh-hw1";
			productReference = 1F81A2F01C5AB26A00CDF547 /* NguyenVinh-hw1 */;
			productType = "com.apple.product-type.tool";
		};
/* End PBXNativeTarget section */

/* Begin PBXProject section */
		1F81A2E81C5AB26A00CDF547 /* Project object */ = {
			isa = PBXProject;
			attributes = {
				LastSwiftUpdateCheck = 0720;
				LastUpgradeCheck = 0720;
				ORGANIZATIONNAME = CS378;
				TargetAttributes = {
					1F81A2EF1C5AB26A00CDF547 = {
						CreatedOnToolsVersion = 7.2;
					};
				};
			};
			buildConfigurationList = 1F81A2EB1C5AB26A00CDF547 /* Build configuration list for PBXProject "NguyenVinh-hw1" */;
			compatibilityVersion = "Xcode 3.2";
			developmentRegion = English;
			hasScannedForEncodings = 0;
			knownRegions = (
				en,
			);
			mainGroup = 1F81A2E71C5AB26A00CDF547;
			productRefGroup = 1F81A2F11C5AB26A00CDF547 /* Products */;
			projectDirPath = "";
			projectRoot = "";
			targets = (
				1F81A2EF1C5AB26A00CDF547 /* NguyenVinh-hw1 */,
			);
		};
/* End PBXProject section */

/* Begin PBXSourcesBuildPhase section */
		1F81A2EC1C5AB26A00CDF547 /* Sources */ = {
			isa = PBXSourcesBuildPhase;
			buildActionMask = 2147483647;
			files = (
				1F81A2FB1C5AB2BB00CDF547 /* Automobile.swift in Sources */,
				1F81A2F41C5AB26A00CDF547 /* main.swift in Sources */,
			);
			runOnlyForDeploymentPostprocessing = 0;
		};
/* End PBXSourcesBuildPhase section */

/* Begin XCBuildConfiguration section */
		1F81A2F51C5AB26A00CDF547 /* Debug */ = {
			isa = XCBuildConfiguration;
			buildSettings = {
				ALWAYS_SEARCH_USER_PATHS = NO;
				CLANG_CXX_LANGUAGE_STANDARD = "gnu++0x";
				CLANG_CXX_LIBRARY = "libc++";
				CLANG_ENABLE_MODULES = YES;
				CLANG_ENABLE_OBJC_ARC = YES;
				CLANG_WARN_BOOL_CONVERSION = YES;
				CLANG_WARN_CONSTANT_CONVERSION = YES;
				CLANG_WARN_DIRECT_OBJC_ISA_USAGE = YES_ERROR;
				CLANG_WARN_EMPTY_BODY = YES;
				CLANG_WARN_ENUM_CONVERSION = YES;
				CLANG_WARN_INT_CONVERSION = YES;
				CLANG_WARN_OBJC_ROOT_CLASS = YES_ERROR;
				CLANG_WARN_UNREACHABLE_CODE = YES;
				CLANG_WARN__DUPLICATE_METHOD_MATCH = YES;
				CODE_SIGN_IDENTITY = "-";
				COPY_PHASE_STRIP = NO;
				DEBUG_INFORMATION_FORMAT = dwarf;
				ENABLE_STRICT_OBJC_MSGSEND = YES;
				ENABLE_TESTABILITY = YES;
				GCC_C_LANGUAGE_STANDARD = gnu99;
				GCC_DYNAMIC_NO_PIC = NO;
				GCC_NO_COMMON_BLOCKS = YES;
				GCC_OPTIMIZATION_LEVEL = 0;
				GCC_PREPROCESSOR_DEFINITIONS = (
					"DEBUG=1",
					"$(inherited)",
				);
				GCC_WARN_64_TO_32_BIT_CONVERSION = YES;
				GCC_WARN_ABOUT_RETURN_TYPE = YES_ERROR;
				GCC_WARN_UNDECLARED_SELECTOR = YES;
				GCC_WARN_UNINITIALIZED_AUTOS = YES_AGGRESSIVE;
				GCC_WARN_UNUSED_FUNCTION = YES;
				GCC_WARN_UNUSED_VARIABLE = YES;
				MACOSX_DEPLOYMENT_TARGET = 10.11;
				MTL_ENABLE_DEBUG_INFO = YES;
				ONLY_ACTIVE_ARCH = YES;
				SDKROOT = macosx;
				SWIFT_OPTIMIZATION_LEVEL = "-Onone";
			};
			name = Debug;
		};
		1F81A2F61C5AB26A00CDF547 /* Release */ = {
			isa = XCBuildConfiguration;
			buildSettings = {
				ALWAYS_SEARCH_USER_PATHS = NO;
				CLANG_CXX_LANGUAGE_STANDARD = "gnu++0x";
				CLANG_CXX_LIBRARY = "libc++";
				CLANG_ENABLE_MODULES = YES;
				CLANG_ENABLE_OBJC_ARC = YES;
				CLANG_WARN_BOOL_CONVERSION = YES;
				CLANG_WARN_CONSTANT_CONVERSION = YES;
				CLANG_WARN_DIRECT_OBJC_ISA_USAGE = YES_ERROR;
				CLANG_WARN_EMPTY_BODY = YES;
				CLANG_WARN_ENUM_CONVERSION = YES;
				CLANG_WARN_INT_CONVERSION = YES;
				CLANG_WARN_OBJC_ROOT_CLASS = YES_ERROR;
				CLANG_WARN_UNREACHABLE_CODE = YES;
				CLANG_WARN__DUPLICATE_METHOD_MATCH = YES;
				CODE_SIGN_IDENTITY = "-";
				COPY_PHASE_STRIP = NO;
				DEBUG_INFORMATION_FORMAT = "dwarf-with-dsym";
				ENABLE_NS_ASSERTIONS = NO;
				ENABLE_STRICT_OBJC_MSGSEND = YES;
				GCC_C_LANGUAGE_STANDARD = gnu99;
				GCC_NO_COMMON_BLOCKS = YES;
				GCC_WARN_64_TO_32_BIT_CONVERSION = YES;
				GCC_WARN_ABOUT_RETURN_TYPE = YES_ERROR;
				GCC_WARN_UNDECLARED_SELECTOR = YES;
				GCC_WARN_UNINITIALIZED_AUTOS = YES_AGGRESSIVE;
				GCC_WARN_UNUSED_FUNCTION = YES;
				GCC_WARN_UNUSED_VARIABLE = YES;
				MACOSX_DEPLOYMENT_TARGET = 10.11;
				MTL_ENABLE_DEBUG_INFO = NO;
				SDKROOT = macosx;
			};
			name = Release;
		};
		1F81A2F81C5AB26A00CDF547 /* Debug */ = {
			isa = XCBuildConfiguration;
			buildSettings = {
				PRODUCT_NAME = "$(TARGET_NAME)";
			};
			name = Debug;
		};
		1F81A2F91C5AB26A00CDF547 /* Release */ = {
			isa = XCBuildConfiguration;
			buildSettings = {
				PRODUCT_NAME = "$(TARGET_NAME)";
			};
			name = Release;
		};
/* End XCBuildConfiguration section */

/* Begin XCConfigurationList section */
		1F81A2EB1C5AB26A00CDF547 /* Build configuration list for PBXProject "NguyenVinh-hw1" */ = {
			isa = XCConfigurationList;
			buildConfigurations = (
				1F81A2F51C5AB26A00CDF547 /* Debug */,
				1F81A2F61C5AB26A00CDF547 /* Release */,
			);
			defaultConfigurationIsVisible = 0;
			defaultConfigurationName = Release;
		};
		1F81A2F71C5AB26A00CDF547 /* Build configuration list for PBXNativeTarget "NguyenVinh-hw1" */ = {
			isa = XCConfigurationList;
			buildConfigurations = (
				1F81A2F81C5AB26A00CDF547 /* Debug */,
				1F81A2F91C5AB26A00CDF547 /* Release */,
			);
			defaultConfigurationIsVisible = 0;
		};
/* End XCConfigurationList section */
	};
	rootObject = 1F81A2E81C5AB26A00CDF547 /* Project object */;
}
