// !$*UTF8*$!
{
	archiveVersion = 1;
	classes = {
	};
	objectVersion = 46;
	objects = {

/* Begin PBXBuildFile section */
		1F6C77C81C7BEBA2009146CA /* AppDelegate.swift in Sources */ = {isa = PBXBuildFile; fileRef = 1F6C77C71C7BEBA2009146CA /* AppDelegate.swift */; };
		1F6C77CD1C7BEBA2009146CA /* Main.storyboard in Resources */ = {isa = PBXBuildFile; fileRef = 1F6C77CB1C7BEBA2009146CA /* Main.storyboard */; };
		1F6C77D01C7BEBA2009146CA /* CoreDataApp.xcdatamodeld in Sources */ = {isa = PBXBuildFile; fileRef = 1F6C77CE1C7BEBA2009146CA /* CoreDataApp.xcdatamodeld */; };
		1F6C77D21C7BEBA2009146CA /* Assets.xcassets in Resources */ = {isa = PBXBuildFile; fileRef = 1F6C77D11C7BEBA2009146CA /* Assets.xcassets */; };
		1F6C77D51C7BEBA2009146CA /* LaunchScreen.storyboard in Resources */ = {isa = PBXBuildFile; fileRef = 1F6C77D31C7BEBA2009146CA /* LaunchScreen.storyboard */; };
		1F6C77DD1C7BED19009146CA /* MyTableTableViewController.swift in Sources */ = {isa = PBXBuildFile; fileRef = 1F6C77DC1C7BED19009146CA /* MyTableTableViewController.swift */; };
/* End PBXBuildFile section */

/* Begin PBXFileReference section */
		1F6C77C41C7BEBA2009146CA /* CoreDataApp.app */ = {isa = PBXFileReference; explicitFileType = wrapper.application; includeInIndex = 0; path = CoreDataApp.app; sourceTree = BUILT_PRODUCTS_DIR; };
		1F6C77C71C7BEBA2009146CA /* AppDelegate.swift */ = {isa = PBXFileReference; lastKnownFileType = sourcecode.swift; path = AppDelegate.swift; sourceTree = "<group>"; };
		1F6C77CC1C7BEBA2009146CA /* Base */ = {isa = PBXFileReference; lastKnownFileType = file.storyboard; name = Base; path = Base.lproj/Main.storyboard; sourceTree = "<group>"; };
		1F6C77CF1C7BEBA2009146CA /* CoreDataApp.xcdatamodel */ = {isa = PBXFileReference; lastKnownFileType = wrapper.xcdatamodel; path = CoreDataApp.xcdatamodel; sourceTree = "<group>"; };
		1F6C77D11C7BEBA2009146CA /* Assets.xcassets */ = {isa = PBXFileReference; lastKnownFileType = folder.assetcatalog; path = Assets.xcassets; sourceTree = "<group>"; };
		1F6C77D41C7BEBA2009146CA /* Base */ = {isa = PBXFileReference; lastKnownFileType = file.storyboard; name = Base; path = Base.lproj/LaunchScreen.storyboard; sourceTree = "<group>"; };
		1F6C77D61C7BEBA2009146CA /* Info.plist */ = {isa = PBXFileReference; lastKnownFileType = text.plist.xml; path = Info.plist; sourceTree = "<group>"; };
		1F6C77DC1C7BED19009146CA /* MyTableTableViewController.swift */ = {isa = PBXFileReference; fileEncoding = 4; lastKnownFileType = sourcecode.swift; path = MyTableTableViewController.swift; sourceTree = "<group>"; };
/* End PBXFileReference section */

/* Begin PBXFrameworksBuildPhase section */
		1F6C77C11C7BEBA2009146CA /* Frameworks */ = {
			isa = PBXFrameworksBuildPhase;
			buildActionMask = 2147483647;
			files = (
			);
			runOnlyForDeploymentPostprocessing = 0;
		};
/* End PBXFrameworksBuildPhase section */

/* Begin PBXGroup section */
		1F6C77BB1C7BEBA2009146CA = {
			isa = PBXGroup;
			children = (
				1F6C77C61C7BEBA2009146CA /* CoreDataApp */,
				1F6C77C51C7BEBA2009146CA /* Products */,
			);
			sourceTree = "<group>";
		};
		1F6C77C51C7BEBA2009146CA /* Products */ = {
			isa = PBXGroup;
			children = (
				1F6C77C41C7BEBA2009146CA /* CoreDataApp.app */,
			);
			name = Products;
			sourceTree = "<group>";
		};
		1F6C77C61C7BEBA2009146CA /* CoreDataApp */ = {
			isa = PBXGroup;
			children = (
				1F6C77C71C7BEBA2009146CA /* AppDelegate.swift */,
				1F6C77CE1C7BEBA2009146CA /* CoreDataApp.xcdatamodeld */,
				1F6C77CB1C7BEBA2009146CA /* Main.storyboard */,
				1F6C77D11C7BEBA2009146CA /* Assets.xcassets */,
				1F6C77D31C7BEBA2009146CA /* LaunchScreen.storyboard */,
				1F6C77D61C7BEBA2009146CA /* Info.plist */,
				1F6C77DC1C7BED19009146CA /* MyTableTableViewController.swift */,
			);
			path = CoreDataApp;
			sourceTree = "<group>";
		};
/* End PBXGroup section */

/* Begin PBXNativeTarget section */
		1F6C77C31C7BEBA2009146CA /* CoreDataApp */ = {
			isa = PBXNativeTarget;
			buildConfigurationList = 1F6C77D91C7BEBA2009146CA /* Build configuration list for PBXNativeTarget "CoreDataApp" */;
			buildPhases = (
				1F6C77C01C7BEBA2009146CA /* Sources */,
				1F6C77C11C7BEBA2009146CA /* Frameworks */,
				1F6C77C21C7BEBA2009146CA /* Resources */,
			);
			buildRules = (
			);
			dependencies = (
			);
			name = CoreDataApp;
			productName = CoreDataApp;
			productReference = 1F6C77C41C7BEBA2009146CA /* CoreDataApp.app */;
			productType = "com.apple.product-type.application";
		};
/* End PBXNativeTarget section */

/* Begin PBXProject section */
		1F6C77BC1C7BEBA2009146CA /* Project object */ = {
			isa = PBXProject;
			attributes = {
				LastSwiftUpdateCheck = 0720;
				LastUpgradeCheck = 0720;
				ORGANIZATIONNAME = "Vinh Nguyen";
				TargetAttributes = {
					1F6C77C31C7BEBA2009146CA = {
						CreatedOnToolsVersion = 7.2.1;
						DevelopmentTeam = SDM6D67MCK;
					};
				};
			};
			buildConfigurationList = 1F6C77BF1C7BEBA2009146CA /* Build configuration list for PBXProject "CoreDataApp" */;
			compatibilityVersion = "Xcode 3.2";
			developmentRegion = English;
			hasScannedForEncodings = 0;
			knownRegions = (
				en,
				Base,
			);
			mainGroup = 1F6C77BB1C7BEBA2009146CA;
			productRefGroup = 1F6C77C51C7BEBA2009146CA /* Products */;
			projectDirPath = "";
			projectRoot = "";
			targets = (
				1F6C77C31C7BEBA2009146CA /* CoreDataApp */,
			);
		};
/* End PBXProject section */

/* Begin PBXResourcesBuildPhase section */
		1F6C77C21C7BEBA2009146CA /* Resources */ = {
			isa = PBXResourcesBuildPhase;
			buildActionMask = 2147483647;
			files = (
				1F6C77D51C7BEBA2009146CA /* LaunchScreen.storyboard in Resources */,
				1F6C77D21C7BEBA2009146CA /* Assets.xcassets in Resources */,
				1F6C77CD1C7BEBA2009146CA /* Main.storyboard in Resources */,
			);
			runOnlyForDeploymentPostprocessing = 0;
		};
/* End PBXResourcesBuildPhase section */

/* Begin PBXSourcesBuildPhase section */
		1F6C77C01C7BEBA2009146CA /* Sources */ = {
			isa = PBXSourcesBuildPhase;
			buildActionMask = 2147483647;
			files = (
				1F6C77DD1C7BED19009146CA /* MyTableTableViewController.swift in Sources */,
				1F6C77D01C7BEBA2009146CA /* CoreDataApp.xcdatamodeld in Sources */,
				1F6C77C81C7BEBA2009146CA /* AppDelegate.swift in Sources */,
			);
			runOnlyForDeploymentPostprocessing = 0;
		};
/* End PBXSourcesBuildPhase section */

/* Begin PBXVariantGroup section */
		1F6C77CB1C7BEBA2009146CA /* Main.storyboard */ = {
			isa = PBXVariantGroup;
			children = (
				1F6C77CC1C7BEBA2009146CA /* Base */,
			);
			name = Main.storyboard;
			sourceTree = "<group>";
		};
		1F6C77D31C7BEBA2009146CA /* LaunchScreen.storyboard */ = {
			isa = PBXVariantGroup;
			children = (
				1F6C77D41C7BEBA2009146CA /* Base */,
			);
			name = LaunchScreen.storyboard;
			sourceTree = "<group>";
		};
/* End PBXVariantGroup section */

/* Begin XCBuildConfiguration section */
		1F6C77D71C7BEBA2009146CA /* Debug */ = {
			isa = XCBuildConfiguration;
			buildSettings = {
				ALWAYS_SEARCH_USER_PATHS = NO;
				CLANG_CXX_LANGUAGE_STANDARD = "gnu++0x";
				CLANG_CXX_LIBRARY = "libc++";
				CLANG_ENABLE_MODULES = YES;
				CLANG_ENABLE_OBJC_ARC = YES;
				CLANG_WARN_BOOL_CONVERSION = YES;
				CLANG_WARN_CONSTANT_CONVERSION = YES;
				CLANG_WARN_DIRECT_OBJC_ISA_USAGE = YES_ERROR;
				CLANG_WARN_EMPTY_BODY = YES;
				CLANG_WARN_ENUM_CONVERSION = YES;
				CLANG_WARN_INT_CONVERSION = YES;
				CLANG_WARN_OBJC_ROOT_CLASS = YES_ERROR;
				CLANG_WARN_UNREACHABLE_CODE = YES;
				CLANG_WARN__DUPLICATE_METHOD_MATCH = YES;
				"CODE_SIGN_IDENTITY[sdk=iphoneos*]" = "iPhone Developer";
				COPY_PHASE_STRIP = NO;
				DEBUG_INFORMATION_FORMAT = dwarf;
				ENABLE_STRICT_OBJC_MSGSEND = YES;
				ENABLE_TESTABILITY = YES;
				GCC_C_LANGUAGE_STANDARD = gnu99;
				GCC_DYNAMIC_NO_PIC = NO;
				GCC_NO_COMMON_BLOCKS = YES;
				GCC_OPTIMIZATION_LEVEL = 0;
				GCC_PREPROCESSOR_DEFINITIONS = (
					"DEBUG=1",
					"$(inherited)",
				);
				GCC_WARN_64_TO_32_BIT_CONVERSION = YES;
				GCC_WARN_ABOUT_RETURN_TYPE = YES_ERROR;
				GCC_WARN_UNDECLARED_SELECTOR = YES;
				GCC_WARN_UNINITIALIZED_AUTOS = YES_AGGRESSIVE;
				GCC_WARN_UNUSED_FUNCTION = YES;
				GCC_WARN_UNUSED_VARIABLE = YES;
				IPHONEOS_DEPLOYMENT_TARGET = 9.2;
				MTL_ENABLE_DEBUG_INFO = YES;
				ONLY_ACTIVE_ARCH = YES;
				SDKROOT = iphoneos;
				SWIFT_OPTIMIZATION_LEVEL = "-Onone";
				TARGETED_DEVICE_FAMILY = "1,2";
			};
			name = Debug;
		};
		1F6C77D81C7BEBA2009146CA /* Release */ = {
			isa = XCBuildConfiguration;
			buildSettings = {
				ALWAYS_SEARCH_USER_PATHS = NO;
				CLANG_CXX_LANGUAGE_STANDARD = "gnu++0x";
				CLANG_CXX_LIBRARY = "libc++";
				CLANG_ENABLE_MODULES = YES;
				CLANG_ENABLE_OBJC_ARC = YES;
				CLANG_WARN_BOOL_CONVERSION = YES;
				CLANG_WARN_CONSTANT_CONVERSION = YES;
				CLANG_WARN_DIRECT_OBJC_ISA_USAGE = YES_ERROR;
				CLANG_WARN_EMPTY_BODY = YES;
				CLANG_WARN_ENUM_CONVERSION = YES;
				CLANG_WARN_INT_CONVERSION = YES;
				CLANG_WARN_OBJC_ROOT_CLASS = YES_ERROR;
				CLANG_WARN_UNREACHABLE_CODE = YES;
				CLANG_WARN__DUPLICATE_METHOD_MATCH = YES;
				"CODE_SIGN_IDENTITY[sdk=iphoneos*]" = "iPhone Developer";
				COPY_PHASE_STRIP = NO;
				DEBUG_INFORMATION_FORMAT = "dwarf-with-dsym";
				ENABLE_NS_ASSERTIONS = NO;
				ENABLE_STRICT_OBJC_MSGSEND = YES;
				GCC_C_LANGUAGE_STANDARD = gnu99;
				GCC_NO_COMMON_BLOCKS = YES;
				GCC_WARN_64_TO_32_BIT_CONVERSION = YES;
				GCC_WARN_ABOUT_RETURN_TYPE = YES_ERROR;
				GCC_WARN_UNDECLARED_SELECTOR = YES;
				GCC_WARN_UNINITIALIZED_AUTOS = YES_AGGRESSIVE;
				GCC_WARN_UNUSED_FUNCTION = YES;
				GCC_WARN_UNUSED_VARIABLE = YES;
				IPHONEOS_DEPLOYMENT_TARGET = 9.2;
				MTL_ENABLE_DEBUG_INFO = NO;
				SDKROOT = iphoneos;
				TARGETED_DEVICE_FAMILY = "1,2";
				VALIDATE_PRODUCT = YES;
			};
			name = Release;
		};
		1F6C77DA1C7BEBA2009146CA /* Debug */ = {
			isa = XCBuildConfiguration;
			buildSettings = {
				ASSETCATALOG_COMPILER_APPICON_NAME = AppIcon;
				INFOPLIST_FILE = CoreDataApp/Info.plist;
				LD_RUNPATH_SEARCH_PATHS = "$(inherited) @executable_path/Frameworks";
				PRODUCT_BUNDLE_IDENTIFIER = com.cs378.CoreDataApp;
				PRODUCT_NAME = "$(TARGET_NAME)";
			};
			name = Debug;
		};
		1F6C77DB1C7BEBA2009146CA /* Release */ = {
			isa = XCBuildConfiguration;
			buildSettings = {
				ASSETCATALOG_COMPILER_APPICON_NAME = AppIcon;
				INFOPLIST_FILE = CoreDataApp/Info.plist;
				LD_RUNPATH_SEARCH_PATHS = "$(inherited) @executable_path/Frameworks";
				PRODUCT_BUNDLE_IDENTIFIER = com.cs378.CoreDataApp;
				PRODUCT_NAME = "$(TARGET_NAME)";
			};
			name = Release;
		};
/* End XCBuildConfiguration section */

/* Begin XCConfigurationList section */
		1F6C77BF1C7BEBA2009146CA /* Build configuration list for PBXProject "CoreDataApp" */ = {
			isa = XCConfigurationList;
			buildConfigurations = (
				1F6C77D71C7BEBA2009146CA /* Debug */,
				1F6C77D81C7BEBA2009146CA /* Release */,
			);
			defaultConfigurationIsVisible = 0;
			defaultConfigurationName = Release;
		};
		1F6C77D91C7BEBA2009146CA /* Build configuration list for PBXNativeTarget "CoreDataApp" */ = {
			isa = XCConfigurationList;
			buildConfigurations = (
				1F6C77DA1C7BEBA2009146CA /* Debug */,
				1F6C77DB1C7BEBA2009146CA /* Release */,
			);
			defaultConfigurationIsVisible = 0;
		};
/* End XCConfigurationList section */

/* Begin XCVersionGroup section */
		1F6C77CE1C7BEBA2009146CA /* CoreDataApp.xcdatamodeld */ = {
			isa = XCVersionGroup;
			children = (
				1F6C77CF1C7BEBA2009146CA /* CoreDataApp.xcdatamodel */,
			);
			currentVersion = 1F6C77CF1C7BEBA2009146CA /* CoreDataApp.xcdatamodel */;
			path = CoreDataApp.xcdatamodeld;
			sourceTree = "<group>";
			versionGroupType = wrapper.xcdatamodel;
		};
/* End XCVersionGroup section */
	};
	rootObject = 1F6C77BC1C7BEBA2009146CA /* Project object */;
}
