// !$*UTF8*$!
{
	archiveVersion = 1;
	classes = {
	};
	objectVersion = 46;
	objects = {

/* Begin PBXBuildFile section */
		1F015D4C1C8403B400B4FD97 /* Candidate.xcdatamodeld in Sources */ = {isa = PBXBuildFile; fileRef = 1F015D4A1C8403B400B4FD97 /* Candidate.xcdatamodeld */; };
		1F015D4E1C84048D00B4FD97 /* Candidate.swift in Sources */ = {isa = PBXBuildFile; fileRef = 1F015D4D1C84048D00B4FD97 /* Candidate.swift */; };
		1F015D501C840D8C00B4FD97 /* AddCandidateViewController.swift in Sources */ = {isa = PBXBuildFile; fileRef = 1F015D4F1C840D8C00B4FD97 /* AddCandidateViewController.swift */; };
		1F015D5A1C84A8D700B4FD97 /* ShowCandiatesTableViewController.swift in Sources */ = {isa = PBXBuildFile; fileRef = 1F015D591C84A8D700B4FD97 /* ShowCandiatesTableViewController.swift */; };
		1F015D5C1C84E6CE00B4FD97 /* DataModel.swift in Sources */ = {isa = PBXBuildFile; fileRef = 1F015D5B1C84E6CE00B4FD97 /* DataModel.swift */; };
		1F015D7C1C85707E00B4FD97 /* Config.swift in Sources */ = {isa = PBXBuildFile; fileRef = 1F015D7B1C85707E00B4FD97 /* Config.swift */; };
		1FA1D87D1C7E0F5400E1F476 /* AppDelegate.swift in Sources */ = {isa = PBXBuildFile; fileRef = 1FA1D87C1C7E0F5400E1F476 /* AppDelegate.swift */; };
		1FA1D87F1C7E0F5400E1F476 /* ViewController.swift in Sources */ = {isa = PBXBuildFile; fileRef = 1FA1D87E1C7E0F5400E1F476 /* ViewController.swift */; };
		1FA1D8821C7E0F5400E1F476 /* Main.storyboard in Resources */ = {isa = PBXBuildFile; fileRef = 1FA1D8801C7E0F5400E1F476 /* Main.storyboard */; };
		1FA1D8871C7E0F5400E1F476 /* Assets.xcassets in Resources */ = {isa = PBXBuildFile; fileRef = 1FA1D8861C7E0F5400E1F476 /* Assets.xcassets */; };
		1FA1D88A1C7E0F5400E1F476 /* LaunchScreen.storyboard in Resources */ = {isa = PBXBuildFile; fileRef = 1FA1D8881C7E0F5400E1F476 /* LaunchScreen.storyboard */; };
/* End PBXBuildFile section */

/* Begin PBXFileReference section */
		1F015D4B1C8403B400B4FD97 /* Candidate.xcdatamodel */ = {isa = PBXFileReference; lastKnownFileType = wrapper.xcdatamodel; path = Candidate.xcdatamodel; sourceTree = "<group>"; };
		1F015D4D1C84048D00B4FD97 /* Candidate.swift */ = {isa = PBXFileReference; fileEncoding = 4; lastKnownFileType = sourcecode.swift; path = Candidate.swift; sourceTree = "<group>"; };
		1F015D4F1C840D8C00B4FD97 /* AddCandidateViewController.swift */ = {isa = PBXFileReference; fileEncoding = 4; lastKnownFileType = sourcecode.swift; path = AddCandidateViewController.swift; sourceTree = "<group>"; };
		1F015D591C84A8D700B4FD97 /* ShowCandiatesTableViewController.swift */ = {isa = PBXFileReference; fileEncoding = 4; lastKnownFileType = sourcecode.swift; path = ShowCandiatesTableViewController.swift; sourceTree = "<group>"; };
		1F015D5B1C84E6CE00B4FD97 /* DataModel.swift */ = {isa = PBXFileReference; fileEncoding = 4; lastKnownFileType = sourcecode.swift; path = DataModel.swift; sourceTree = "<group>"; };
		1F015D7B1C85707E00B4FD97 /* Config.swift */ = {isa = PBXFileReference; fileEncoding = 4; lastKnownFileType = sourcecode.swift; path = Config.swift; sourceTree = "<group>"; };
		1FA1D8791C7E0F5400E1F476 /* NguyenVinh-hw5.app */ = {isa = PBXFileReference; explicitFileType = wrapper.application; includeInIndex = 0; path = "NguyenVinh-hw5.app"; sourceTree = BUILT_PRODUCTS_DIR; };
		1FA1D87C1C7E0F5400E1F476 /* AppDelegate.swift */ = {isa = PBXFileReference; lastKnownFileType = sourcecode.swift; path = AppDelegate.swift; sourceTree = "<group>"; };
		1FA1D87E1C7E0F5400E1F476 /* ViewController.swift */ = {isa = PBXFileReference; lastKnownFileType = sourcecode.swift; path = ViewController.swift; sourceTree = "<group>"; };
		1FA1D8811C7E0F5400E1F476 /* Base */ = {isa = PBXFileReference; lastKnownFileType = file.storyboard; name = Base; path = Base.lproj/Main.storyboard; sourceTree = "<group>"; };
		1FA1D8861C7E0F5400E1F476 /* Assets.xcassets */ = {isa = PBXFileReference; lastKnownFileType = folder.assetcatalog; path = Assets.xcassets; sourceTree = "<group>"; };
		1FA1D8891C7E0F5400E1F476 /* Base */ = {isa = PBXFileReference; lastKnownFileType = file.storyboard; name = Base; path = Base.lproj/LaunchScreen.storyboard; sourceTree = "<group>"; };
		1FA1D88B1C7E0F5400E1F476 /* Info.plist */ = {isa = PBXFileReference; lastKnownFileType = text.plist.xml; path = Info.plist; sourceTree = "<group>"; };
/* End PBXFileReference section */

/* Begin PBXFrameworksBuildPhase section */
		1FA1D8761C7E0F5400E1F476 /* Frameworks */ = {
			isa = PBXFrameworksBuildPhase;
			buildActionMask = 2147483647;
			files = (
			);
			runOnlyForDeploymentPostprocessing = 0;
		};
/* End PBXFrameworksBuildPhase section */

/* Begin PBXGroup section */
		1FA1D8701C7E0F5400E1F476 = {
			isa = PBXGroup;
			children = (
				1FA1D87B1C7E0F5400E1F476 /* NguyenVinh-hw5 */,
				1FA1D87A1C7E0F5400E1F476 /* Products */,
			);
			sourceTree = "<group>";
		};
		1FA1D87A1C7E0F5400E1F476 /* Products */ = {
			isa = PBXGroup;
			children = (
				1FA1D8791C7E0F5400E1F476 /* NguyenVinh-hw5.app */,
			);
			name = Products;
			sourceTree = "<group>";
		};
		1FA1D87B1C7E0F5400E1F476 /* NguyenVinh-hw5 */ = {
			isa = PBXGroup;
			children = (
				1FA1D87C1C7E0F5400E1F476 /* AppDelegate.swift */,
				1FA1D87E1C7E0F5400E1F476 /* ViewController.swift */,
				1F015D4F1C840D8C00B4FD97 /* AddCandidateViewController.swift */,
				1F015D591C84A8D700B4FD97 /* ShowCandiatesTableViewController.swift */,
				1F015D4D1C84048D00B4FD97 /* Candidate.swift */,
				1F015D5B1C84E6CE00B4FD97 /* DataModel.swift */,
				1F015D7B1C85707E00B4FD97 /* Config.swift */,
				1FA1D8801C7E0F5400E1F476 /* Main.storyboard */,
				1FA1D8861C7E0F5400E1F476 /* Assets.xcassets */,
				1FA1D8881C7E0F5400E1F476 /* LaunchScreen.storyboard */,
				1FA1D88B1C7E0F5400E1F476 /* Info.plist */,
				1F015D4A1C8403B400B4FD97 /* Candidate.xcdatamodeld */,
			);
			path = "NguyenVinh-hw5";
			sourceTree = "<group>";
		};
/* End PBXGroup section */

/* Begin PBXNativeTarget section */
		1FA1D8781C7E0F5400E1F476 /* NguyenVinh-hw5 */ = {
			isa = PBXNativeTarget;
			buildConfigurationList = 1FA1D88E1C7E0F5400E1F476 /* Build configuration list for PBXNativeTarget "NguyenVinh-hw5" */;
			buildPhases = (
				1FA1D8751C7E0F5400E1F476 /* Sources */,
				1FA1D8761C7E0F5400E1F476 /* Frameworks */,
				1FA1D8771C7E0F5400E1F476 /* Resources */,
			);
			buildRules = (
			);
			dependencies = (
			);
			name = "NguyenVinh-hw5";
			productName = "NguyenVinh-hw5";
			productReference = 1FA1D8791C7E0F5400E1F476 /* NguyenVinh-hw5.app */;
			productType = "com.apple.product-type.application";
		};
/* End PBXNativeTarget section */

/* Begin PBXProject section */
		1FA1D8711C7E0F5400E1F476 /* Project object */ = {
			isa = PBXProject;
			attributes = {
				LastSwiftUpdateCheck = 0720;
				LastUpgradeCheck = 0720;
				ORGANIZATIONNAME = "Vinh Nguyen";
				TargetAttributes = {
					1FA1D8781C7E0F5400E1F476 = {
						CreatedOnToolsVersion = 7.2.1;
						DevelopmentTeam = SDM6D67MCK;
					};
				};
			};
			buildConfigurationList = 1FA1D8741C7E0F5400E1F476 /* Build configuration list for PBXProject "NguyenVinh-hw5" */;
			compatibilityVersion = "Xcode 3.2";
			developmentRegion = English;
			hasScannedForEncodings = 0;
			knownRegions = (
				en,
				Base,
			);
			mainGroup = 1FA1D8701C7E0F5400E1F476;
			productRefGroup = 1FA1D87A1C7E0F5400E1F476 /* Products */;
			projectDirPath = "";
			projectRoot = "";
			targets = (
				1FA1D8781C7E0F5400E1F476 /* NguyenVinh-hw5 */,
			);
		};
/* End PBXProject section */

/* Begin PBXResourcesBuildPhase section */
		1FA1D8771C7E0F5400E1F476 /* Resources */ = {
			isa = PBXResourcesBuildPhase;
			buildActionMask = 2147483647;
			files = (
				1FA1D88A1C7E0F5400E1F476 /* LaunchScreen.storyboard in Resources */,
				1FA1D8871C7E0F5400E1F476 /* Assets.xcassets in Resources */,
				1FA1D8821C7E0F5400E1F476 /* Main.storyboard in Resources */,
			);
			runOnlyForDeploymentPostprocessing = 0;
		};
/* End PBXResourcesBuildPhase section */

/* Begin PBXSourcesBuildPhase section */
		1FA1D8751C7E0F5400E1F476 /* Sources */ = {
			isa = PBXSourcesBuildPhase;
			buildActionMask = 2147483647;
			files = (
				1FA1D87F1C7E0F5400E1F476 /* ViewController.swift in Sources */,
				1F015D5A1C84A8D700B4FD97 /* ShowCandiatesTableViewController.swift in Sources */,
				1FA1D87D1C7E0F5400E1F476 /* AppDelegate.swift in Sources */,
				1F015D4E1C84048D00B4FD97 /* Candidate.swift in Sources */,
				1F015D5C1C84E6CE00B4FD97 /* DataModel.swift in Sources */,
				1F015D7C1C85707E00B4FD97 /* Config.swift in Sources */,
				1F015D501C840D8C00B4FD97 /* AddCandidateViewController.swift in Sources */,
				1F015D4C1C8403B400B4FD97 /* Candidate.xcdatamodeld in Sources */,
			);
			runOnlyForDeploymentPostprocessing = 0;
		};
/* End PBXSourcesBuildPhase section */

/* Begin PBXVariantGroup section */
		1FA1D8801C7E0F5400E1F476 /* Main.storyboard */ = {
			isa = PBXVariantGroup;
			children = (
				1FA1D8811C7E0F5400E1F476 /* Base */,
			);
			name = Main.storyboard;
			sourceTree = "<group>";
		};
		1FA1D8881C7E0F5400E1F476 /* LaunchScreen.storyboard */ = {
			isa = PBXVariantGroup;
			children = (
				1FA1D8891C7E0F5400E1F476 /* Base */,
			);
			name = LaunchScreen.storyboard;
			sourceTree = "<group>";
		};
/* End PBXVariantGroup section */

/* Begin XCBuildConfiguration section */
		1FA1D88C1C7E0F5400E1F476 /* Debug */ = {
			isa = XCBuildConfiguration;
			buildSettings = {
				ALWAYS_SEARCH_USER_PATHS = NO;
				CLANG_CXX_LANGUAGE_STANDARD = "gnu++0x";
				CLANG_CXX_LIBRARY = "libc++";
				CLANG_ENABLE_MODULES = YES;
				CLANG_ENABLE_OBJC_ARC = YES;
				CLANG_WARN_BOOL_CONVERSION = YES;
				CLANG_WARN_CONSTANT_CONVERSION = YES;
				CLANG_WARN_DIRECT_OBJC_ISA_USAGE = YES_ERROR;
				CLANG_WARN_EMPTY_BODY = YES;
				CLANG_WARN_ENUM_CONVERSION = YES;
				CLANG_WARN_INT_CONVERSION = YES;
				CLANG_WARN_OBJC_ROOT_CLASS = YES_ERROR;
				CLANG_WARN_UNREACHABLE_CODE = YES;
				CLANG_WARN__DUPLICATE_METHOD_MATCH = YES;
				"CODE_SIGN_IDENTITY[sdk=iphoneos*]" = "iPhone Developer";
				COPY_PHASE_STRIP = NO;
				DEBUG_INFORMATION_FORMAT = dwarf;
				ENABLE_STRICT_OBJC_MSGSEND = YES;
				ENABLE_TESTABILITY = YES;
				GCC_C_LANGUAGE_STANDARD = gnu99;
				GCC_DYNAMIC_NO_PIC = NO;
				GCC_NO_COMMON_BLOCKS = YES;
				GCC_OPTIMIZATION_LEVEL = 0;
				GCC_PREPROCESSOR_DEFINITIONS = (
					"DEBUG=1",
					"$(inherited)",
				);
				GCC_WARN_64_TO_32_BIT_CONVERSION = YES;
				GCC_WARN_ABOUT_RETURN_TYPE = YES_ERROR;
				GCC_WARN_UNDECLARED_SELECTOR = YES;
				GCC_WARN_UNINITIALIZED_AUTOS = YES_AGGRESSIVE;
				GCC_WARN_UNUSED_FUNCTION = YES;
				GCC_WARN_UNUSED_VARIABLE = YES;
				IPHONEOS_DEPLOYMENT_TARGET = 9.2;
				MTL_ENABLE_DEBUG_INFO = YES;
				ONLY_ACTIVE_ARCH = YES;
				SDKROOT = iphoneos;
				SWIFT_OPTIMIZATION_LEVEL = "-Onone";
				TARGETED_DEVICE_FAMILY = "1,2";
			};
			name = Debug;
		};
		1FA1D88D1C7E0F5400E1F476 /* Release */ = {
			isa = XCBuildConfiguration;
			buildSettings = {
				ALWAYS_SEARCH_USER_PATHS = NO;
				CLANG_CXX_LANGUAGE_STANDARD = "gnu++0x";
				CLANG_CXX_LIBRARY = "libc++";
				CLANG_ENABLE_MODULES = YES;
				CLANG_ENABLE_OBJC_ARC = YES;
				CLANG_WARN_BOOL_CONVERSION = YES;
				CLANG_WARN_CONSTANT_CONVERSION = YES;
				CLANG_WARN_DIRECT_OBJC_ISA_USAGE = YES_ERROR;
				CLANG_WARN_EMPTY_BODY = YES;
				CLANG_WARN_ENUM_CONVERSION = YES;
				CLANG_WARN_INT_CONVERSION = YES;
				CLANG_WARN_OBJC_ROOT_CLASS = YES_ERROR;
				CLANG_WARN_UNREACHABLE_CODE = YES;
				CLANG_WARN__DUPLICATE_METHOD_MATCH = YES;
				"CODE_SIGN_IDENTITY[sdk=iphoneos*]" = "iPhone Developer";
				COPY_PHASE_STRIP = NO;
				DEBUG_INFORMATION_FORMAT = "dwarf-with-dsym";
				ENABLE_NS_ASSERTIONS = NO;
				ENABLE_STRICT_OBJC_MSGSEND = YES;
				GCC_C_LANGUAGE_STANDARD = gnu99;
				GCC_NO_COMMON_BLOCKS = YES;
				GCC_WARN_64_TO_32_BIT_CONVERSION = YES;
				GCC_WARN_ABOUT_RETURN_TYPE = YES_ERROR;
				GCC_WARN_UNDECLARED_SELECTOR = YES;
				GCC_WARN_UNINITIALIZED_AUTOS = YES_AGGRESSIVE;
				GCC_WARN_UNUSED_FUNCTION = YES;
				GCC_WARN_UNUSED_VARIABLE = YES;
				IPHONEOS_DEPLOYMENT_TARGET = 9.2;
				MTL_ENABLE_DEBUG_INFO = NO;
				SDKROOT = iphoneos;
				TARGETED_DEVICE_FAMILY = "1,2";
				VALIDATE_PRODUCT = YES;
			};
			name = Release;
		};
		1FA1D88F1C7E0F5400E1F476 /* Debug */ = {
			isa = XCBuildConfiguration;
			buildSettings = {
				ASSETCATALOG_COMPILER_APPICON_NAME = AppIcon;
				INFOPLIST_FILE = "NguyenVinh-hw5/Info.plist";
				LD_RUNPATH_SEARCH_PATHS = "$(inherited) @executable_path/Frameworks";
				PRODUCT_BUNDLE_IDENTIFIER = "com.cs378.NguyenVinh-hw5";
				PRODUCT_NAME = "$(TARGET_NAME)";
			};
			name = Debug;
		};
		1FA1D8901C7E0F5400E1F476 /* Release */ = {
			isa = XCBuildConfiguration;
			buildSettings = {
				ASSETCATALOG_COMPILER_APPICON_NAME = AppIcon;
				INFOPLIST_FILE = "NguyenVinh-hw5/Info.plist";
				LD_RUNPATH_SEARCH_PATHS = "$(inherited) @executable_path/Frameworks";
				PRODUCT_BUNDLE_IDENTIFIER = "com.cs378.NguyenVinh-hw5";
				PRODUCT_NAME = "$(TARGET_NAME)";
			};
			name = Release;
		};
/* End XCBuildConfiguration section */

/* Begin XCConfigurationList section */
		1FA1D8741C7E0F5400E1F476 /* Build configuration list for PBXProject "NguyenVinh-hw5" */ = {
			isa = XCConfigurationList;
			buildConfigurations = (
				1FA1D88C1C7E0F5400E1F476 /* Debug */,
				1FA1D88D1C7E0F5400E1F476 /* Release */,
			);
			defaultConfigurationIsVisible = 0;
			defaultConfigurationName = Release;
		};
		1FA1D88E1C7E0F5400E1F476 /* Build configuration list for PBXNativeTarget "NguyenVinh-hw5" */ = {
			isa = XCConfigurationList;
			buildConfigurations = (
				1FA1D88F1C7E0F5400E1F476 /* Debug */,
				1FA1D8901C7E0F5400E1F476 /* Release */,
			);
			defaultConfigurationIsVisible = 0;
			defaultConfigurationName = Release;
		};
/* End XCConfigurationList section */

/* Begin XCVersionGroup section */
		1F015D4A1C8403B400B4FD97 /* Candidate.xcdatamodeld */ = {
			isa = XCVersionGroup;
			children = (
				1F015D4B1C8403B400B4FD97 /* Candidate.xcdatamodel */,
			);
			currentVersion = 1F015D4B1C8403B400B4FD97 /* Candidate.xcdatamodel */;
			path = Candidate.xcdatamodeld;
			sourceTree = "<group>";
			versionGroupType = wrapper.xcdatamodel;
		};
/* End XCVersionGroup section */
	};
	rootObject = 1FA1D8711C7E0F5400E1F476 /* Project object */;
}
