// !$*UTF8*$!
{
	archiveVersion = 1;
	classes = {
	};
	objectVersion = 46;
	objects = {

/* Begin PBXBuildFile section */
		1F9682701C7E8DF9005A8354 /* AppDelegate.swift in Sources */ = {isa = PBXBuildFile; fileRef = 1F96826F1C7E8DF9005A8354 /* AppDelegate.swift */; };
		1F9682721C7E8DF9005A8354 /* ViewController.swift in Sources */ = {isa = PBXBuildFile; fileRef = 1F9682711C7E8DF9005A8354 /* ViewController.swift */; };
		1F9682751C7E8DF9005A8354 /* Main.storyboard in Resources */ = {isa = PBXBuildFile; fileRef = 1F9682731C7E8DF9005A8354 /* Main.storyboard */; };
		1F9682771C7E8DF9005A8354 /* Assets.xcassets in Resources */ = {isa = PBXBuildFile; fileRef = 1F9682761C7E8DF9005A8354 /* Assets.xcassets */; };
		1F96827A1C7E8DF9005A8354 /* LaunchScreen.storyboard in Resources */ = {isa = PBXBuildFile; fileRef = 1F9682781C7E8DF9005A8354 /* LaunchScreen.storyboard */; };
		1F9682821C7E8EA4005A8354 /* MyViewController.swift in Sources */ = {isa = PBXBuildFile; fileRef = 1F9682811C7E8EA4005A8354 /* MyViewController.swift */; };
		1F9682841C7E8F17005A8354 /* Protocol.swift in Sources */ = {isa = PBXBuildFile; fileRef = 1F9682831C7E8F17005A8354 /* Protocol.swift */; };
/* End PBXBuildFile section */

/* Begin PBXFileReference section */
		1F96826C1C7E8DF9005A8354 /* Protocols.app */ = {isa = PBXFileReference; explicitFileType = wrapper.application; includeInIndex = 0; path = Protocols.app; sourceTree = BUILT_PRODUCTS_DIR; };
		1F96826F1C7E8DF9005A8354 /* AppDelegate.swift */ = {isa = PBXFileReference; lastKnownFileType = sourcecode.swift; path = AppDelegate.swift; sourceTree = "<group>"; };
		1F9682711C7E8DF9005A8354 /* ViewController.swift */ = {isa = PBXFileReference; lastKnownFileType = sourcecode.swift; path = ViewController.swift; sourceTree = "<group>"; };
		1F9682741C7E8DF9005A8354 /* Base */ = {isa = PBXFileReference; lastKnownFileType = file.storyboard; name = Base; path = Base.lproj/Main.storyboard; sourceTree = "<group>"; };
		1F9682761C7E8DF9005A8354 /* Assets.xcassets */ = {isa = PBXFileReference; lastKnownFileType = folder.assetcatalog; path = Assets.xcassets; sourceTree = "<group>"; };
		1F9682791C7E8DF9005A8354 /* Base */ = {isa = PBXFileReference; lastKnownFileType = file.storyboard; name = Base; path = Base.lproj/LaunchScreen.storyboard; sourceTree = "<group>"; };
		1F96827B1C7E8DF9005A8354 /* Info.plist */ = {isa = PBXFileReference; lastKnownFileType = text.plist.xml; path = Info.plist; sourceTree = "<group>"; };
		1F9682811C7E8EA4005A8354 /* MyViewController.swift */ = {isa = PBXFileReference; fileEncoding = 4; lastKnownFileType = sourcecode.swift; path = MyViewController.swift; sourceTree = "<group>"; };
		1F9682831C7E8F17005A8354 /* Protocol.swift */ = {isa = PBXFileReference; fileEncoding = 4; lastKnownFileType = sourcecode.swift; path = Protocol.swift; sourceTree = "<group>"; };
/* End PBXFileReference section */

/* Begin PBXFrameworksBuildPhase section */
		1F9682691C7E8DF9005A8354 /* Frameworks */ = {
			isa = PBXFrameworksBuildPhase;
			buildActionMask = 2147483647;
			files = (
			);
			runOnlyForDeploymentPostprocessing = 0;
		};
/* End PBXFrameworksBuildPhase section */

/* Begin PBXGroup section */
		1F9682631C7E8DF9005A8354 = {
			isa = PBXGroup;
			children = (
				1F96826E1C7E8DF9005A8354 /* Protocols */,
				1F96826D1C7E8DF9005A8354 /* Products */,
			);
			sourceTree = "<group>";
		};
		1F96826D1C7E8DF9005A8354 /* Products */ = {
			isa = PBXGroup;
			children = (
				1F96826C1C7E8DF9005A8354 /* Protocols.app */,
			);
			name = Products;
			sourceTree = "<group>";
		};
		1F96826E1C7E8DF9005A8354 /* Protocols */ = {
			isa = PBXGroup;
			children = (
				1F96826F1C7E8DF9005A8354 /* AppDelegate.swift */,
				1F9682711C7E8DF9005A8354 /* ViewController.swift */,
				1F9682811C7E8EA4005A8354 /* MyViewController.swift */,
				1F9682831C7E8F17005A8354 /* Protocol.swift */,
				1F9682731C7E8DF9005A8354 /* Main.storyboard */,
				1F9682761C7E8DF9005A8354 /* Assets.xcassets */,
				1F9682781C7E8DF9005A8354 /* LaunchScreen.storyboard */,
				1F96827B1C7E8DF9005A8354 /* Info.plist */,
			);
			path = Protocols;
			sourceTree = "<group>";
		};
/* End PBXGroup section */

/* Begin PBXNativeTarget section */
		1F96826B1C7E8DF9005A8354 /* Protocols */ = {
			isa = PBXNativeTarget;
			buildConfigurationList = 1F96827E1C7E8DF9005A8354 /* Build configuration list for PBXNativeTarget "Protocols" */;
			buildPhases = (
				1F9682681C7E8DF9005A8354 /* Sources */,
				1F9682691C7E8DF9005A8354 /* Frameworks */,
				1F96826A1C7E8DF9005A8354 /* Resources */,
			);
			buildRules = (
			);
			dependencies = (
			);
			name = Protocols;
			productName = Protocols;
			productReference = 1F96826C1C7E8DF9005A8354 /* Protocols.app */;
			productType = "com.apple.product-type.application";
		};
/* End PBXNativeTarget section */

/* Begin PBXProject section */
		1F9682641C7E8DF9005A8354 /* Project object */ = {
			isa = PBXProject;
			attributes = {
				LastSwiftUpdateCheck = 0720;
				LastUpgradeCheck = 0720;
				ORGANIZATIONNAME = "Vinh Nguyen";
				TargetAttributes = {
					1F96826B1C7E8DF9005A8354 = {
						CreatedOnToolsVersion = 7.2.1;
						DevelopmentTeam = SDM6D67MCK;
					};
				};
			};
			buildConfigurationList = 1F9682671C7E8DF9005A8354 /* Build configuration list for PBXProject "Protocols" */;
			compatibilityVersion = "Xcode 3.2";
			developmentRegion = English;
			hasScannedForEncodings = 0;
			knownRegions = (
				en,
				Base,
			);
			mainGroup = 1F9682631C7E8DF9005A8354;
			productRefGroup = 1F96826D1C7E8DF9005A8354 /* Products */;
			projectDirPath = "";
			projectRoot = "";
			targets = (
				1F96826B1C7E8DF9005A8354 /* Protocols */,
			);
		};
/* End PBXProject section */

/* Begin PBXResourcesBuildPhase section */
		1F96826A1C7E8DF9005A8354 /* Resources */ = {
			isa = PBXResourcesBuildPhase;
			buildActionMask = 2147483647;
			files = (
				1F96827A1C7E8DF9005A8354 /* LaunchScreen.storyboard in Resources */,
				1F9682771C7E8DF9005A8354 /* Assets.xcassets in Resources */,
				1F9682751C7E8DF9005A8354 /* Main.storyboard in Resources */,
			);
			runOnlyForDeploymentPostprocessing = 0;
		};
/* End PBXResourcesBuildPhase section */

/* Begin PBXSourcesBuildPhase section */
		1F9682681C7E8DF9005A8354 /* Sources */ = {
			isa = PBXSourcesBuildPhase;
			buildActionMask = 2147483647;
			files = (
				1F9682721C7E8DF9005A8354 /* ViewController.swift in Sources */,
				1F9682821C7E8EA4005A8354 /* MyViewController.swift in Sources */,
				1F9682701C7E8DF9005A8354 /* AppDelegate.swift in Sources */,
				1F9682841C7E8F17005A8354 /* Protocol.swift in Sources */,
			);
			runOnlyForDeploymentPostprocessing = 0;
		};
/* End PBXSourcesBuildPhase section */

/* Begin PBXVariantGroup section */
		1F9682731C7E8DF9005A8354 /* Main.storyboard */ = {
			isa = PBXVariantGroup;
			children = (
				1F9682741C7E8DF9005A8354 /* Base */,
			);
			name = Main.storyboard;
			sourceTree = "<group>";
		};
		1F9682781C7E8DF9005A8354 /* LaunchScreen.storyboard */ = {
			isa = PBXVariantGroup;
			children = (
				1F9682791C7E8DF9005A8354 /* Base */,
			);
			name = LaunchScreen.storyboard;
			sourceTree = "<group>";
		};
/* End PBXVariantGroup section */

/* Begin XCBuildConfiguration section */
		1F96827C1C7E8DF9005A8354 /* Debug */ = {
			isa = XCBuildConfiguration;
			buildSettings = {
				ALWAYS_SEARCH_USER_PATHS = NO;
				CLANG_CXX_LANGUAGE_STANDARD = "gnu++0x";
				CLANG_CXX_LIBRARY = "libc++";
				CLANG_ENABLE_MODULES = YES;
				CLANG_ENABLE_OBJC_ARC = YES;
				CLANG_WARN_BOOL_CONVERSION = YES;
				CLANG_WARN_CONSTANT_CONVERSION = YES;
				CLANG_WARN_DIRECT_OBJC_ISA_USAGE = YES_ERROR;
				CLANG_WARN_EMPTY_BODY = YES;
				CLANG_WARN_ENUM_CONVERSION = YES;
				CLANG_WARN_INT_CONVERSION = YES;
				CLANG_WARN_OBJC_ROOT_CLASS = YES_ERROR;
				CLANG_WARN_UNREACHABLE_CODE = YES;
				CLANG_WARN__DUPLICATE_METHOD_MATCH = YES;
				"CODE_SIGN_IDENTITY[sdk=iphoneos*]" = "iPhone Developer";
				COPY_PHASE_STRIP = NO;
				DEBUG_INFORMATION_FORMAT = dwarf;
				ENABLE_STRICT_OBJC_MSGSEND = YES;
				ENABLE_TESTABILITY = YES;
				GCC_C_LANGUAGE_STANDARD = gnu99;
				GCC_DYNAMIC_NO_PIC = NO;
				GCC_NO_COMMON_BLOCKS = YES;
				GCC_OPTIMIZATION_LEVEL = 0;
				GCC_PREPROCESSOR_DEFINITIONS = (
					"DEBUG=1",
					"$(inherited)",
				);
				GCC_WARN_64_TO_32_BIT_CONVERSION = YES;
				GCC_WARN_ABOUT_RETURN_TYPE = YES_ERROR;
				GCC_WARN_UNDECLARED_SELECTOR = YES;
				GCC_WARN_UNINITIALIZED_AUTOS = YES_AGGRESSIVE;
				GCC_WARN_UNUSED_FUNCTION = YES;
				GCC_WARN_UNUSED_VARIABLE = YES;
				IPHONEOS_DEPLOYMENT_TARGET = 9.2;
				MTL_ENABLE_DEBUG_INFO = YES;
				ONLY_ACTIVE_ARCH = YES;
				SDKROOT = iphoneos;
				SWIFT_OPTIMIZATION_LEVEL = "-Onone";
				TARGETED_DEVICE_FAMILY = "1,2";
			};
			name = Debug;
		};
		1F96827D1C7E8DF9005A8354 /* Release */ = {
			isa = XCBuildConfiguration;
			buildSettings = {
				ALWAYS_SEARCH_USER_PATHS = NO;
				CLANG_CXX_LANGUAGE_STANDARD = "gnu++0x";
				CLANG_CXX_LIBRARY = "libc++";
				CLANG_ENABLE_MODULES = YES;
				CLANG_ENABLE_OBJC_ARC = YES;
				CLANG_WARN_BOOL_CONVERSION = YES;
				CLANG_WARN_CONSTANT_CONVERSION = YES;
				CLANG_WARN_DIRECT_OBJC_ISA_USAGE = YES_ERROR;
				CLANG_WARN_EMPTY_BODY = YES;
				CLANG_WARN_ENUM_CONVERSION = YES;
				CLANG_WARN_INT_CONVERSION = YES;
				CLANG_WARN_OBJC_ROOT_CLASS = YES_ERROR;
				CLANG_WARN_UNREACHABLE_CODE = YES;
				CLANG_WARN__DUPLICATE_METHOD_MATCH = YES;
				"CODE_SIGN_IDENTITY[sdk=iphoneos*]" = "iPhone Developer";
				COPY_PHASE_STRIP = NO;
				DEBUG_INFORMATION_FORMAT = "dwarf-with-dsym";
				ENABLE_NS_ASSERTIONS = NO;
				ENABLE_STRICT_OBJC_MSGSEND = YES;
				GCC_C_LANGUAGE_STANDARD = gnu99;
				GCC_NO_COMMON_BLOCKS = YES;
				GCC_WARN_64_TO_32_BIT_CONVERSION = YES;
				GCC_WARN_ABOUT_RETURN_TYPE = YES_ERROR;
				GCC_WARN_UNDECLARED_SELECTOR = YES;
				GCC_WARN_UNINITIALIZED_AUTOS = YES_AGGRESSIVE;
				GCC_WARN_UNUSED_FUNCTION = YES;
				GCC_WARN_UNUSED_VARIABLE = YES;
				IPHONEOS_DEPLOYMENT_TARGET = 9.2;
				MTL_ENABLE_DEBUG_INFO = NO;
				SDKROOT = iphoneos;
				TARGETED_DEVICE_FAMILY = "1,2";
				VALIDATE_PRODUCT = YES;
			};
			name = Release;
		};
		1F96827F1C7E8DF9005A8354 /* Debug */ = {
			isa = XCBuildConfiguration;
			buildSettings = {
				ASSETCATALOG_COMPILER_APPICON_NAME = AppIcon;
				INFOPLIST_FILE = Protocols/Info.plist;
				LD_RUNPATH_SEARCH_PATHS = "$(inherited) @executable_path/Frameworks";
				PRODUCT_BUNDLE_IDENTIFIER = com.cs378.Protocols;
				PRODUCT_NAME = "$(TARGET_NAME)";
			};
			name = Debug;
		};
		1F9682801C7E8DF9005A8354 /* Release */ = {
			isa = XCBuildConfiguration;
			buildSettings = {
				ASSETCATALOG_COMPILER_APPICON_NAME = AppIcon;
				INFOPLIST_FILE = Protocols/Info.plist;
				LD_RUNPATH_SEARCH_PATHS = "$(inherited) @executable_path/Frameworks";
				PRODUCT_BUNDLE_IDENTIFIER = com.cs378.Protocols;
				PRODUCT_NAME = "$(TARGET_NAME)";
			};
			name = Release;
		};
/* End XCBuildConfiguration section */

/* Begin XCConfigurationList section */
		1F9682671C7E8DF9005A8354 /* Build configuration list for PBXProject "Protocols" */ = {
			isa = XCConfigurationList;
			buildConfigurations = (
				1F96827C1C7E8DF9005A8354 /* Debug */,
				1F96827D1C7E8DF9005A8354 /* Release */,
			);
			defaultConfigurationIsVisible = 0;
			defaultConfigurationName = Release;
		};
		1F96827E1C7E8DF9005A8354 /* Build configuration list for PBXNativeTarget "Protocols" */ = {
			isa = XCConfigurationList;
			buildConfigurations = (
				1F96827F1C7E8DF9005A8354 /* Debug */,
				1F9682801C7E8DF9005A8354 /* Release */,
			);
			defaultConfigurationIsVisible = 0;
		};
/* End XCConfigurationList section */
	};
	rootObject = 1F9682641C7E8DF9005A8354 /* Project object */;
}
